
Microsoft Visual Studio Solution File, Format Version 12.00
# Visual Studio Version 17
VisualStudioVersion = 17.9.34728.123
MinimumVisualStudioVersion = 10.0.40219.1
Project("{2150E333-8FDC-42A3-9474-1A3956D46DE8}") = "src", "src", "{976CD303-03A5-4B3E-ACD5-22630E9F9C6B}"
EndProject
Project("{2150E333-8FDC-42A3-9474-1A3956D46DE8}") = "tests", "tests", "{46EC7E4E-0BAA-45A4-9549-7A924116E363}"
EndProject
Project("{2150E333-8FDC-42A3-9474-1A3956D46DE8}") = "Core", "Core", "{68BD8D20-6F4A-44C0-BF8D-37F4CA7D8D9A}"
EndProject
Project("{2150E333-8FDC-42A3-9474-1A3956D46DE8}") = "Adapter", "Adapter", "{FE0847C6-B386-40E2-97BA-C12AC800E3EA}"
EndProject
Project("{2150E333-8FDC-42A3-9474-1A3956D46DE8}") = "Driver", "Driver", "{2A13B7A1-FAA9-48A6-BC29-E16FF87B0C0D}"
EndProject
Project("{2150E333-8FDC-42A3-9474-1A3956D46DE8}") = "Driven", "Driven", "{A2689716-7B1C-4EB1-BA1F-EA2C50993639}"
EndProject
Project("{FAE04EC0-301F-11D3-BF4B-00C04F79EFBC}") = "Infra", "Infra\Infra.csproj", "{B44AC19C-9DEE-47B3-A5EF-0F858CB25B87}"
EndProject
Project("{FAE04EC0-301F-11D3-BF4B-00C04F79EFBC}") = "API", "API\API.csproj", "{85615F4C-1B9D-453B-8830-C9DE0036A0D6}"
EndProject
Project("{FAE04EC0-301F-11D3-BF4B-00C04F79EFBC}") = "Application", "Application\Application.csproj", "{149B4A8D-D0A9-4798-95B6-2048833D3472}"
EndProject
Project("{FAE04EC0-301F-11D3-BF4B-00C04F79EFBC}") = "Domain", "Domain\Domain.csproj", "{5B364736-587A-44DC-9619-1BAB21AC917A}"
EndProject
Global
	GlobalSection(SolutionConfigurationPlatforms) = preSolution
		Debug|Any CPU = Debug|Any CPU
		Release|Any CPU = Release|Any CPU
	EndGlobalSection
	GlobalSection(ProjectConfigurationPlatforms) = postSolution
		{B44AC19C-9DEE-47B3-A5EF-0F858CB25B87}.Debug|Any CPU.ActiveCfg = Debug|Any CPU
		{B44AC19C-9DEE-47B3-A5EF-0F858CB25B87}.Debug|Any CPU.Build.0 = Debug|Any CPU
		{B44AC19C-9DEE-47B3-A5EF-0F858CB25B87}.Release|Any CPU.ActiveCfg = Release|Any CPU
		{B44AC19C-9DEE-47B3-A5EF-0F858CB25B87}.Release|Any CPU.Build.0 = Release|Any CPU
		{85615F4C-1B9D-453B-8830-C9DE0036A0D6}.Debug|Any CPU.ActiveCfg = Debug|Any CPU
		{85615F4C-1B9D-453B-8830-C9DE0036A0D6}.Debug|Any CPU.Build.0 = Debug|Any CPU
		{85615F4C-1B9D-453B-8830-C9DE0036A0D6}.Release|Any CPU.ActiveCfg = Release|Any CPU
		{85615F4C-1B9D-453B-8830-C9DE0036A0D6}.Release|Any CPU.Build.0 = Release|Any CPU
		{149B4A8D-D0A9-4798-95B6-2048833D3472}.Debug|Any CPU.ActiveCfg = Debug|Any CPU
		{149B4A8D-D0A9-4798-95B6-2048833D3472}.Debug|Any CPU.Build.0 = Debug|Any CPU
		{149B4A8D-D0A9-4798-95B6-2048833D3472}.Release|Any CPU.ActiveCfg = Release|Any CPU
		{149B4A8D-D0A9-4798-95B6-2048833D3472}.Release|Any CPU.Build.0 = Release|Any CPU
		{5B364736-587A-44DC-9619-1BAB21AC917A}.Debug|Any CPU.ActiveCfg = Debug|Any CPU
		{5B364736-587A-44DC-9619-1BAB21AC917A}.Debug|Any CPU.Build.0 = Debug|Any CPU
		{5B364736-587A-44DC-9619-1BAB21AC917A}.Release|Any CPU.ActiveCfg = Release|Any CPU
		{5B364736-587A-44DC-9619-1BAB21AC917A}.Release|Any CPU.Build.0 = Release|Any CPU
	EndGlobalSection
	GlobalSection(SolutionProperties) = preSolution
		HideSolutionNode = FALSE
	EndGlobalSection
	GlobalSection(NestedProjects) = preSolution
		{68BD8D20-6F4A-44C0-BF8D-37F4CA7D8D9A} = {976CD303-03A5-4B3E-ACD5-22630E9F9C6B}
		{FE0847C6-B386-40E2-97BA-C12AC800E3EA} = {976CD303-03A5-4B3E-ACD5-22630E9F9C6B}
		{2A13B7A1-FAA9-48A6-BC29-E16FF87B0C0D} = {FE0847C6-B386-40E2-97BA-C12AC800E3EA}
		{A2689716-7B1C-4EB1-BA1F-EA2C50993639} = {FE0847C6-B386-40E2-97BA-C12AC800E3EA}
		{B44AC19C-9DEE-47B3-A5EF-0F858CB25B87} = {A2689716-7B1C-4EB1-BA1F-EA2C50993639}
		{85615F4C-1B9D-453B-8830-C9DE0036A0D6} = {2A13B7A1-FAA9-48A6-BC29-E16FF87B0C0D}
		{149B4A8D-D0A9-4798-95B6-2048833D3472} = {68BD8D20-6F4A-44C0-BF8D-37F4CA7D8D9A}
		{5B364736-587A-44DC-9619-1BAB21AC917A} = {68BD8D20-6F4A-44C0-BF8D-37F4CA7D8D9A}
	EndGlobalSection
	GlobalSection(ExtensibilityGlobals) = postSolution
		SolutionGuid = {E361DD37-1932-48F9-BB87-DC80C4CA4ED3}
	EndGlobalSection
EndGlobal
